// !$*UTF8*$!
{
	archiveVersion = 1;
	classes = {
	};
	objectVersion = 51;
	objects = {

/* Begin PBXBuildFile section */
		6467E2B92572F4CD00682FD4 /* AppDelegate.swift in Sources */ = {isa = PBXBuildFile; fileRef = 6467E2B82572F4CD00682FD4 /* AppDelegate.swift */; };
		6467E2BB2572F4CD00682FD4 /* SceneDelegate.swift in Sources */ = {isa = PBXBuildFile; fileRef = 6467E2BA2572F4CD00682FD4 /* SceneDelegate.swift */; };
		6467E2BD2572F4CD00682FD4 /* ViewController.swift in Sources */ = {isa = PBXBuildFile; fileRef = 6467E2BC2572F4CD00682FD4 /* ViewController.swift */; };
		6467E2C02572F4CD00682FD4 /* Main.storyboard in Resources */ = {isa = PBXBuildFile; fileRef = 6467E2BE2572F4CD00682FD4 /* Main.storyboard */; };
		6467E2C22572F4D300682FD4 /* Assets.xcassets in Resources */ = {isa = PBXBuildFile; fileRef = 6467E2C12572F4D300682FD4 /* Assets.xcassets */; };
		6467E2C52572F4D300682FD4 /* LaunchScreen.storyboard in Resources */ = {isa = PBXBuildFile; fileRef = 6467E2C32572F4D300682FD4 /* LaunchScreen.storyboard */; };
		6467E2CD2572FD7700682FD4 /* UIColorExtension.swift in Sources */ = {isa = PBXBuildFile; fileRef = 6467E2CC2572FD7700682FD4 /* UIColorExtension.swift */; };
		6467E2CF257306F400682FD4 /* GoogleService-Info.plist in Resources */ = {isa = PBXBuildFile; fileRef = 6467E2CE257306F400682FD4 /* GoogleService-Info.plist */; };
		6467E2D125731D6400682FD4 /* Model.swift in Sources */ = {isa = PBXBuildFile; fileRef = 6467E2D025731D6400682FD4 /* Model.swift */; };
		6467E2D32573235100682FD4 /* HomeViewController.swift in Sources */ = {isa = PBXBuildFile; fileRef = 6467E2D22573235100682FD4 /* HomeViewController.swift */; };
		6467E2D5257369B400682FD4 /* LoginViewController.swift in Sources */ = {isa = PBXBuildFile; fileRef = 6467E2D4257369B400682FD4 /* LoginViewController.swift */; };
		CC61CB9D91C6B2DC0DB4CF35 /* Pods_SignUpApp.framework in Frameworks */ = {isa = PBXBuildFile; fileRef = 75D9267CE3EF41973AA72FD6 /* Pods_SignUpApp.framework */; };
/* End PBXBuildFile section */

/* Begin PBXFileReference section */
		6467E2B52572F4CD00682FD4 /* SignUpApp.app */ = {isa = PBXFileReference; explicitFileType = wrapper.application; includeInIndex = 0; path = SignUpApp.app; sourceTree = BUILT_PRODUCTS_DIR; };
		6467E2B82572F4CD00682FD4 /* AppDelegate.swift */ = {isa = PBXFileReference; lastKnownFileType = sourcecode.swift; path = AppDelegate.swift; sourceTree = "<group>"; };
		6467E2BA2572F4CD00682FD4 /* SceneDelegate.swift */ = {isa = PBXFileReference; lastKnownFileType = sourcecode.swift; path = SceneDelegate.swift; sourceTree = "<group>"; };
		6467E2BC2572F4CD00682FD4 /* ViewController.swift */ = {isa = PBXFileReference; lastKnownFileType = sourcecode.swift; path = ViewController.swift; sourceTree = "<group>"; };
		6467E2BF2572F4CD00682FD4 /* Base */ = {isa = PBXFileReference; lastKnownFileType = file.storyboard; name = Base; path = Base.lproj/Main.storyboard; sourceTree = "<group>"; };
		6467E2C12572F4D300682FD4 /* Assets.xcassets */ = {isa = PBXFileReference; lastKnownFileType = folder.assetcatalog; path = Assets.xcassets; sourceTree = "<group>"; };
		6467E2C42572F4D300682FD4 /* Base */ = {isa = PBXFileReference; lastKnownFileType = file.storyboard; name = Base; path = Base.lproj/LaunchScreen.storyboard; sourceTree = "<group>"; };
		6467E2C62572F4D300682FD4 /* Info.plist */ = {isa = PBXFileReference; lastKnownFileType = text.plist.xml; path = Info.plist; sourceTree = "<group>"; };
		6467E2CC2572FD7700682FD4 /* UIColorExtension.swift */ = {isa = PBXFileReference; lastKnownFileType = sourcecode.swift; path = UIColorExtension.swift; sourceTree = "<group>"; };
		6467E2CE257306F400682FD4 /* GoogleService-Info.plist */ = {isa = PBXFileReference; fileEncoding = 4; lastKnownFileType = text.plist.xml; path = "GoogleService-Info.plist"; sourceTree = "<group>"; };
		6467E2D025731D6400682FD4 /* Model.swift */ = {isa = PBXFileReference; lastKnownFileType = sourcecode.swift; path = Model.swift; sourceTree = "<group>"; };
		6467E2D22573235100682FD4 /* HomeViewController.swift */ = {isa = PBXFileReference; lastKnownFileType = sourcecode.swift; path = HomeViewController.swift; sourceTree = "<group>"; };
		6467E2D4257369B400682FD4 /* LoginViewController.swift */ = {isa = PBXFileReference; lastKnownFileType = sourcecode.swift; path = LoginViewController.swift; sourceTree = "<group>"; };
		71CF22E27D3161348687B4D7 /* Pods-SignUpApp.release.xcconfig */ = {isa = PBXFileReference; includeInIndex = 1; lastKnownFileType = text.xcconfig; name = "Pods-SignUpApp.release.xcconfig"; path = "Target Support Files/Pods-SignUpApp/Pods-SignUpApp.release.xcconfig"; sourceTree = "<group>"; };
		75D9267CE3EF41973AA72FD6 /* Pods_SignUpApp.framework */ = {isa = PBXFileReference; explicitFileType = wrapper.framework; includeInIndex = 0; path = Pods_SignUpApp.framework; sourceTree = BUILT_PRODUCTS_DIR; };
		8823010DF88C937CA6C03A88 /* Pods-SignUpApp.debug.xcconfig */ = {isa = PBXFileReference; includeInIndex = 1; lastKnownFileType = text.xcconfig; name = "Pods-SignUpApp.debug.xcconfig"; path = "Target Support Files/Pods-SignUpApp/Pods-SignUpApp.debug.xcconfig"; sourceTree = "<group>"; };
/* End PBXFileReference section */

/* Begin PBXFrameworksBuildPhase section */
		6467E2B22572F4CD00682FD4 /* Frameworks */ = {
			isa = PBXFrameworksBuildPhase;
			buildActionMask = 2147483647;
			files = (
				CC61CB9D91C6B2DC0DB4CF35 /* Pods_SignUpApp.framework in Frameworks */,
			);
			runOnlyForDeploymentPostprocessing = 0;
		};
/* End PBXFrameworksBuildPhase section */

/* Begin PBXGroup section */
		17009D041378D9AF3B99E5CB /* Pods */ = {
			isa = PBXGroup;
			children = (
				8823010DF88C937CA6C03A88 /* Pods-SignUpApp.debug.xcconfig */,
				71CF22E27D3161348687B4D7 /* Pods-SignUpApp.release.xcconfig */,
			);
			path = Pods;
			sourceTree = "<group>";
		};
		35CCBB161D9EC7508C089B75 /* Frameworks */ = {
			isa = PBXGroup;
			children = (
				75D9267CE3EF41973AA72FD6 /* Pods_SignUpApp.framework */,
			);
			name = Frameworks;
			sourceTree = "<group>";
		};
		6467E2AC2572F4CC00682FD4 = {
			isa = PBXGroup;
			children = (
				6467E2B72572F4CD00682FD4 /* SignUpApp */,
				6467E2B62572F4CD00682FD4 /* Products */,
				17009D041378D9AF3B99E5CB /* Pods */,
				35CCBB161D9EC7508C089B75 /* Frameworks */,
			);
			sourceTree = "<group>";
		};
		6467E2B62572F4CD00682FD4 /* Products */ = {
			isa = PBXGroup;
			children = (
				6467E2B52572F4CD00682FD4 /* SignUpApp.app */,
			);
			name = Products;
			sourceTree = "<group>";
		};
		6467E2B72572F4CD00682FD4 /* SignUpApp */ = {
			isa = PBXGroup;
			children = (
				6467E2B82572F4CD00682FD4 /* AppDelegate.swift */,
				6467E2BA2572F4CD00682FD4 /* SceneDelegate.swift */,
				6467E2D025731D6400682FD4 /* Model.swift */,
				6467E2BC2572F4CD00682FD4 /* ViewController.swift */,
				6467E2D4257369B400682FD4 /* LoginViewController.swift */,
				6467E2D22573235100682FD4 /* HomeViewController.swift */,
				6467E2CC2572FD7700682FD4 /* UIColorExtension.swift */,
				6467E2BE2572F4CD00682FD4 /* Main.storyboard */,
				6467E2C12572F4D300682FD4 /* Assets.xcassets */,
				6467E2C32572F4D300682FD4 /* LaunchScreen.storyboard */,
				6467E2C62572F4D300682FD4 /* Info.plist */,
				6467E2CE257306F400682FD4 /* GoogleService-Info.plist */,
			);
			path = SignUpApp;
			sourceTree = "<group>";
		};
/* End PBXGroup section */

/* Begin PBXNativeTarget section */
		6467E2B42572F4CD00682FD4 /* SignUpApp */ = {
			isa = PBXNativeTarget;
			buildConfigurationList = 6467E2C92572F4D300682FD4 /* Build configuration list for PBXNativeTarget "SignUpApp" */;
			buildPhases = (
				DF84F7A25E16E6CEECF6730C /* [CP] Check Pods Manifest.lock */,
				6467E2B12572F4CD00682FD4 /* Sources */,
				6467E2B22572F4CD00682FD4 /* Frameworks */,
				6467E2B32572F4CD00682FD4 /* Resources */,
				4C6B4DA9A714624AB2DAD59B /* [CP] Embed Pods Frameworks */,
			);
			buildRules = (
			);
			dependencies = (
			);
			name = SignUpApp;
			productName = SignUpApp;
			productReference = 6467E2B52572F4CD00682FD4 /* SignUpApp.app */;
			productType = "com.apple.product-type.application";
		};
/* End PBXNativeTarget section */

/* Begin PBXProject section */
		6467E2AD2572F4CD00682FD4 /* Project object */ = {
			isa = PBXProject;
			attributes = {
				LastSwiftUpdateCheck = 1170;
				LastUpgradeCheck = 1170;
				ORGANIZATIONNAME = Raphael;
				TargetAttributes = {
					6467E2B42572F4CD00682FD4 = {
						CreatedOnToolsVersion = 11.7;
					};
				};
			};
			buildConfigurationList = 6467E2B02572F4CD00682FD4 /* Build configuration list for PBXProject "SignUpApp" */;
			compatibilityVersion = "Xcode 9.3";
			developmentRegion = en;
			hasScannedForEncodings = 0;
			knownRegions = (
				en,
				Base,
			);
			mainGroup = 6467E2AC2572F4CC00682FD4;
			productRefGroup = 6467E2B62572F4CD00682FD4 /* Products */;
			projectDirPath = "";
			projectRoot = "";
			targets = (
				6467E2B42572F4CD00682FD4 /* SignUpApp */,
			);
		};
/* End PBXProject section */

/* Begin PBXResourcesBuildPhase section */
		6467E2B32572F4CD00682FD4 /* Resources */ = {
			isa = PBXResourcesBuildPhase;
			buildActionMask = 2147483647;
			files = (
				6467E2C52572F4D300682FD4 /* LaunchScreen.storyboard in Resources */,
				6467E2CF257306F400682FD4 /* GoogleService-Info.plist in Resources */,
				6467E2C22572F4D300682FD4 /* Assets.xcassets in Resources */,
				6467E2C02572F4CD00682FD4 /* Main.storyboard in Resources */,
			);
			runOnlyForDeploymentPostprocessing = 0;
		};
/* End PBXResourcesBuildPhase section */

/* Begin PBXShellScriptBuildPhase section */
		4C6B4DA9A714624AB2DAD59B /* [CP] Embed Pods Frameworks */ = {
			isa = PBXShellScriptBuildPhase;
			buildActionMask = 2147483647;
			files = (
			);
			inputFileListPaths = (
				"${PODS_ROOT}/Target Support Files/Pods-SignUpApp/Pods-SignUpApp-frameworks-${CONFIGURATION}-input-files.xcfilelist",
			);
			name = "[CP] Embed Pods Frameworks";
			outputFileListPaths = (
				"${PODS_ROOT}/Target Support Files/Pods-SignUpApp/Pods-SignUpApp-frameworks-${CONFIGURATION}-output-files.xcfilelist",
			);
			runOnlyForDeploymentPostprocessing = 0;
			shellPath = /bin/sh;
			shellScript = "\"${PODS_ROOT}/Target Support Files/Pods-SignUpApp/Pods-SignUpApp-frameworks.sh\"\n";
			showEnvVarsInLog = 0;
		};
		DF84F7A25E16E6CEECF6730C /* [CP] Check Pods Manifest.lock */ = {
			isa = PBXShellScriptBuildPhase;
			buildActionMask = 2147483647;
			files = (
			);
			inputFileListPaths = (
			);
			inputPaths = (
				"${PODS_PODFILE_DIR_PATH}/Podfile.lock",
				"${PODS_ROOT}/Manifest.lock",
			);
			name = "[CP] Check Pods Manifest.lock";
			outputFileListPaths = (
			);
			outputPaths = (
				"$(DERIVED_FILE_DIR)/Pods-SignUpApp-checkManifestLockResult.txt",
			);
			runOnlyForDeploymentPostprocessing = 0;
			shellPath = /bin/sh;
			shellScript = "diff \"${PODS_PODFILE_DIR_PATH}/Podfile.lock\" \"${PODS_ROOT}/Manifest.lock\" > /dev/null\nif [ $? != 0 ] ; then\n    # print error to STDERR\n    echo \"error: The sandbox is not in sync with the Podfile.lock. Run 'pod install' or update your CocoaPods installation.\" >&2\n    exit 1\nfi\n# This output is used by Xcode 'outputs' to avoid re-running this script phase.\necho \"SUCCESS\" > \"${SCRIPT_OUTPUT_FILE_0}\"\n";
			showEnvVarsInLog = 0;
		};
/* End PBXShellScriptBuildPhase section */

/* Begin PBXSourcesBuildPhase section */
		6467E2B12572F4CD00682FD4 /* Sources */ = {
			isa = PBXSourcesBuildPhase;
			buildActionMask = 2147483647;
			files = (
				6467E2D5257369B400682FD4 /* LoginViewController.swift in Sources */,
				6467E2D125731D6400682FD4 /* Model.swift in Sources */,
				6467E2BD2572F4CD00682FD4 /* ViewController.swift in Sources */,
				6467E2B92572F4CD00682FD4 /* AppDelegate.swift in Sources */,
				6467E2BB2572F4CD00682FD4 /* SceneDelegate.swift in Sources */,
				6467E2CD2572FD7700682FD4 /* UIColorExtension.swift in Sources */,
				6467E2D32573235100682FD4 /* HomeViewController.swift in Sources */,
			);
			runOnlyForDeploymentPostprocessing = 0;
		};
/* End PBXSourcesBuildPhase section */

/* Begin PBXVariantGroup section */
		6467E2BE2572F4CD00682FD4 /* Main.storyboard */ = {
			isa = PBXVariantGroup;
			children = (
				6467E2BF2572F4CD00682FD4 /* Base */,
			);
			name = Main.storyboard;
			sourceTree = "<group>";
		};
		6467E2C32572F4D300682FD4 /* LaunchScreen.storyboard */ = {
			isa = PBXVariantGroup;
			children = (
				6467E2C42572F4D300682FD4 /* Base */,
			);
			name = LaunchScreen.storyboard;
			sourceTree = "<group>";
		};
/* End PBXVariantGroup section */

/* Begin XCBuildConfiguration section */
		6467E2C72572F4D300682FD4 /* Debug */ = {
			isa = XCBuildConfiguration;
			buildSettings = {
				ALWAYS_SEARCH_USER_PATHS = NO;
				CLANG_ANALYZER_NONNULL = YES;
				CLANG_ANALYZER_NUMBER_OBJECT_CONVERSION = YES_AGGRESSIVE;
				CLANG_CXX_LANGUAGE_STANDARD = "gnu++14";
				CLANG_CXX_LIBRARY = "libc++";
				CLANG_ENABLE_MODULES = YES;
				CLANG_ENABLE_OBJC_ARC = YES;
				CLANG_ENABLE_OBJC_WEAK = YES;
				CLANG_WARN_BLOCK_CAPTURE_AUTORELEASING = YES;
				CLANG_WARN_BOOL_CONVERSION = YES;
				CLANG_WARN_COMMA = YES;
				CLANG_WARN_CONSTANT_CONVERSION = YES;
				CLANG_WARN_DEPRECATED_OBJC_IMPLEMENTATIONS = YES;
				CLANG_WARN_DIRECT_OBJC_ISA_USAGE = YES_ERROR;
				CLANG_WARN_DOCUMENTATION_COMMENTS = YES;
				CLANG_WARN_EMPTY_BODY = YES;
				CLANG_WARN_ENUM_CONVERSION = YES;
				CLANG_WARN_INFINITE_RECURSION = YES;
				CLANG_WARN_INT_CONVERSION = YES;
				CLANG_WARN_NON_LITERAL_NULL_CONVERSION = YES;
				CLANG_WARN_OBJC_IMPLICIT_RETAIN_SELF = YES;
				CLANG_WARN_OBJC_LITERAL_CONVERSION = YES;
				CLANG_WARN_OBJC_ROOT_CLASS = YES_ERROR;
				CLANG_WARN_RANGE_LOOP_ANALYSIS = YES;
				CLANG_WARN_STRICT_PROTOTYPES = YES;
				CLANG_WARN_SUSPICIOUS_MOVE = YES;
				CLANG_WARN_UNGUARDED_AVAILABILITY = YES_AGGRESSIVE;
				CLANG_WARN_UNREACHABLE_CODE = YES;
				CLANG_WARN__DUPLICATE_METHOD_MATCH = YES;
				COPY_PHASE_STRIP = NO;
				DEBUG_INFORMATION_FORMAT = dwarf;
				ENABLE_STRICT_OBJC_MSGSEND = YES;
				ENABLE_TESTABILITY = YES;
				GCC_C_LANGUAGE_STANDARD = gnu11;
				GCC_DYNAMIC_NO_PIC = NO;
				GCC_NO_COMMON_BLOCKS = YES;
				GCC_OPTIMIZATION_LEVEL = 0;
				GCC_PREPROCESSOR_DEFINITIONS = (
					"DEBUG=1",
					"$(inherited)",
				);
				GCC_WARN_64_TO_32_BIT_CONVERSION = YES;
				GCC_WARN_ABOUT_RETURN_TYPE = YES_ERROR;
				GCC_WARN_UNDECLARED_SELECTOR = YES;
				GCC_WARN_UNINITIALIZED_AUTOS = YES_AGGRESSIVE;
				GCC_WARN_UNUSED_FUNCTION = YES;
				GCC_WARN_UNUSED_VARIABLE = YES;
				IPHONEOS_DEPLOYMENT_TARGET = 13.7;
				MTL_ENABLE_DEBUG_INFO = INCLUDE_SOURCE;
				MTL_FAST_MATH = YES;
				ONLY_ACTIVE_ARCH = YES;
				SDKROOT = iphoneos;
				SWIFT_ACTIVE_COMPILATION_CONDITIONS = DEBUG;
				SWIFT_OPTIMIZATION_LEVEL = "-Onone";
			};
			name = Debug;
		};
		6467E2C82572F4D300682FD4 /* Release */ = {
			isa = XCBuildConfiguration;
			buildSettings = {
				ALWAYS_SEARCH_USER_PATHS = NO;
				CLANG_ANALYZER_NONNULL = YES;
				CLANG_ANALYZER_NUMBER_OBJECT_CONVERSION = YES_AGGRESSIVE;
				CLANG_CXX_LANGUAGE_STANDARD = "gnu++14";
				CLANG_CXX_LIBRARY = "libc++";
				CLANG_ENABLE_MODULES = YES;
				CLANG_ENABLE_OBJC_ARC = YES;
				CLANG_ENABLE_OBJC_WEAK = YES;
				CLANG_WARN_BLOCK_CAPTURE_AUTORELEASING = YES;
				CLANG_WARN_BOOL_CONVERSION = YES;
				CLANG_WARN_COMMA = YES;
				CLANG_WARN_CONSTANT_CONVERSION = YES;
				CLANG_WARN_DEPRECATED_OBJC_IMPLEMENTATIONS = YES;
				CLANG_WARN_DIRECT_OBJC_ISA_USAGE = YES_ERROR;
				CLANG_WARN_DOCUMENTATION_COMMENTS = YES;
				CLANG_WARN_EMPTY_BODY = YES;
				CLANG_WARN_ENUM_CONVERSION = YES;
				CLANG_WARN_INFINITE_RECURSION = YES;
				CLANG_WARN_INT_CONVERSION = YES;
				CLANG_WARN_NON_LITERAL_NULL_CONVERSION = YES;
				CLANG_WARN_OBJC_IMPLICIT_RETAIN_SELF = YES;
				CLANG_WARN_OBJC_LITERAL_CONVERSION = YES;
				CLANG_WARN_OBJC_ROOT_CLASS = YES_ERROR;
				CLANG_WARN_RANGE_LOOP_ANALYSIS = YES;
				CLANG_WARN_STRICT_PROTOTYPES = YES;
				CLANG_WARN_SUSPICIOUS_MOVE = YES;
				CLANG_WARN_UNGUARDED_AVAILABILITY = YES_AGGRESSIVE;
				CLANG_WARN_UNREACHABLE_CODE = YES;
				CLANG_WARN__DUPLICATE_METHOD_MATCH = YES;
				COPY_PHASE_STRIP = NO;
				DEBUG_INFORMATION_FORMAT = "dwarf-with-dsym";
				ENABLE_NS_ASSERTIONS = NO;
				ENABLE_STRICT_OBJC_MSGSEND = YES;
				GCC_C_LANGUAGE_STANDARD = gnu11;
				GCC_NO_COMMON_BLOCKS = YES;
				GCC_WARN_64_TO_32_BIT_CONVERSION = YES;
				GCC_WARN_ABOUT_RETURN_TYPE = YES_ERROR;
				GCC_WARN_UNDECLARED_SELECTOR = YES;
				GCC_WARN_UNINITIALIZED_AUTOS = YES_AGGRESSIVE;
				GCC_WARN_UNUSED_FUNCTION = YES;
				GCC_WARN_UNUSED_VARIABLE = YES;
				IPHONEOS_DEPLOYMENT_TARGET = 13.7;
				MTL_ENABLE_DEBUG_INFO = NO;
				MTL_FAST_MATH = YES;
				SDKROOT = iphoneos;
				SWIFT_COMPILATION_MODE = wholemodule;
				SWIFT_OPTIMIZATION_LEVEL = "-O";
				VALIDATE_PRODUCT = YES;
			};
			name = Release;
		};
		6467E2CA2572F4D300682FD4 /* Debug */ = {
			isa = XCBuildConfiguration;
			baseConfigurationReference = 8823010DF88C937CA6C03A88 /* Pods-SignUpApp.debug.xcconfig */;
			buildSettings = {
				ASSETCATALOG_COMPILER_APPICON_NAME = AppIcon;
				CODE_SIGN_STYLE = Automatic;
				DEVELOPMENT_TEAM = J8LP9MW8T8;
				INFOPLIST_FILE = SignUpApp/Info.plist;
				LD_RUNPATH_SEARCH_PATHS = (
					"$(inherited)",
					"@executable_path/Frameworks",
				);
				PRODUCT_BUNDLE_IDENTIFIER = jp.tomokazu.takahashi.SignUpApp;
				PRODUCT_NAME = "$(TARGET_NAME)";
				SWIFT_VERSION = 5.0;
				TARGETED_DEVICE_FAMILY = 1;
			};
			name = Debug;
		};
		6467E2CB2572F4D300682FD4 /* Release */ = {
			isa = XCBuildConfiguration;
			baseConfigurationReference = 71CF22E27D3161348687B4D7 /* Pods-SignUpApp.release.xcconfig */;
			buildSettings = {
				ASSETCATALOG_COMPILER_APPICON_NAME = AppIcon;
				CODE_SIGN_STYLE = Automatic;
				DEVELOPMENT_TEAM = J8LP9MW8T8;
				INFOPLIST_FILE = SignUpApp/Info.plist;
				LD_RUNPATH_SEARCH_PATHS = (
					"$(inherited)",
					"@executable_path/Frameworks",
				);
				PRODUCT_BUNDLE_IDENTIFIER = jp.tomokazu.takahashi.SignUpApp;
				PRODUCT_NAME = "$(TARGET_NAME)";
				SWIFT_VERSION = 5.0;
				TARGETED_DEVICE_FAMILY = 1;
			};
			name = Release;
		};
/* End XCBuildConfiguration section */

/* Begin XCConfigurationList section */
		6467E2B02572F4CD00682FD4 /* Build configuration list for PBXProject "SignUpApp" */ = {
			isa = XCConfigurationList;
			buildConfigurations = (
				6467E2C72572F4D300682FD4 /* Debug */,
				6467E2C82572F4D300682FD4 /* Release */,
			);
			defaultConfigurationIsVisible = 0;
			defaultConfigurationName = Release;
		};
		6467E2C92572F4D300682FD4 /* Build configuration list for PBXNativeTarget "SignUpApp" */ = {
			isa = XCConfigurationList;
			buildConfigurations = (
				6467E2CA2572F4D300682FD4 /* Debug */,
				6467E2CB2572F4D300682FD4 /* Release */,
			);
			defaultConfigurationIsVisible = 0;
			defaultConfigurationName = Release;
		};
/* End XCConfigurationList section */
	};
	rootObject = 6467E2AD2572F4CD00682FD4 /* Project object */;
}
